{
  "name": "books-cleaner",
  "version": "0.0.0",
  "lockfileVersion": 1,
  "requires": true,
  "dependencies": {
    "@types/node": {
      "version": "10.14.7",
      "resolved": "https://registry.npmjs.org/@types/node/-/node-10.14.7.tgz",
      "integrity": "sha512-on4MmIDgHXiuJDELPk1NFaKVUxxCFr37tm8E9yN6rAiF5Pzp/9bBfBHkoexqRiY+hk/Z04EJU9kKEb59YqJ82A=="
    },
    "config": {
      "version": "3.1.0",
      "resolved": "https://registry.npmjs.org/config/-/config-3.1.0.tgz",
      "integrity": "sha512-t6oDeNQbsIWa+D/KF4959TANzjSHLv1BA/hvL8tHEA3OUSWgBXELKaONSI6nr9oanbKs0DXonjOWLcrtZ3yTAA==",
      "requires": {
        "json5": "^1.0.1"
      }
    },
    "json5": {
      "version": "1.0.1",
      "resolved": "https://registry.npmjs.org/json5/-/json5-1.0.1.tgz",
      "integrity": "sha512-aKS4WQjPenRxiQsC93MNfjx+nbF4PAdYzmd/1JIj8HYzqfbu86beTuNgXDzPknWk0n0uARlyewZo4s++ES36Ow==",
      "requires": {
        "minimist": "^1.2.0"
      }
    },
    "minimist": {
      "version": "1.2.5",
      "resolved": "https://registry.npmjs.org/minimist/-/minimist-1.2.5.tgz",
      "integrity": "sha512-FM9nNUYrRBAELZQT3xeZQ7fmMOBg6nWNmJKTcgsJeaLstP/UODVpGsr5OhXhhXg6f+qtJ8uiZ+PUxkDWcgIXLw=="
    },
    "rd": {
      "version": "2.0.1",
      "resolved": "https://registry.npmjs.org/rd/-/rd-2.0.1.tgz",
      "integrity": "sha512-/XdKU4UazUZTXFmI0dpABt8jSXPWcEyaGdk340KdHnsEOdkTctlX23aAK7ChQDn39YGNlAJr1M5uvaKt4QnpNw==",
      "requires": {
        "@types/node": "^10.3.6"
      }
    }
  }
}
